
Microsoft Visual Studio Solution File, Format Version 12.00
# Visual Studio Version 17
VisualStudioVersion = 17.0.31903.59
MinimumVisualStudioVersion = 10.0.40219.1
Project("{9A19103F-16F7-4668-BE54-9A1E7A4F7556}") = "AbfWatcher", "AbfWatcher\AbfWatcher.csproj", "{830656A2-1BD3-433B-85B1-9F1C98B62621}"
EndProject
Project("{9A19103F-16F7-4668-BE54-9A1E7A4F7556}") = "AbfFileTester", "AbfFileTester\AbfFileTester.csproj", "{F2BEEC93-D4E0-48E8-99E5-8AD5296F8FBA}"
EndProject
Global
	GlobalSection(SolutionConfigurationPlatforms) = preSolution
		Debug|Any CPU = Debug|Any CPU
		Release|Any CPU = Release|Any CPU
	EndGlobalSection
	GlobalSection(ProjectConfigurationPlatforms) = postSolution
		{830656A2-1BD3-433B-85B1-9F1C98B62621}.Debug|Any CPU.ActiveCfg = Debug|x86
		{830656A2-1BD3-433B-85B1-9F1C98B62621}.Debug|Any CPU.Build.0 = Debug|x86
		{830656A2-1BD3-433B-85B1-9F1C98B62621}.Release|Any CPU.ActiveCfg = Release|Any CPU
		{830656A2-1BD3-433B-85B1-9F1C98B62621}.Release|Any CPU.Build.0 = Release|Any CPU
		{F2BEEC93-D4E0-48E8-99E5-8AD5296F8FBA}.Debug|Any CPU.ActiveCfg = Release|x86
		{F2BEEC93-D4E0-48E8-99E5-8AD5296F8FBA}.Debug|Any CPU.Build.0 = Release|x86
		{F2BEEC93-D4E0-48E8-99E5-8AD5296F8FBA}.Release|Any CPU.ActiveCfg = Release|Any CPU
		{F2BEEC93-D4E0-48E8-99E5-8AD5296F8FBA}.Release|Any CPU.Build.0 = Release|Any CPU
	EndGlobalSection
	GlobalSection(SolutionProperties) = preSolution
		HideSolutionNode = FALSE
	EndGlobalSection
	GlobalSection(ExtensibilityGlobals) = postSolution
		SolutionGuid = {682D4F92-AA69-42EF-A500-AE3DC301058E}
	EndGlobalSection
EndGlobal
