
Microsoft Visual Studio Solution File, Format Version 12.00
# Visual Studio Version 17
VisualStudioVersion = 17.0.31903.59
MinimumVisualStudioVersion = 10.0.40219.1
Project("{9A19103F-16F7-4668-BE54-9A1E7A4F7556}") = "AbfDB", "AbfDB\AbfDB.csproj", "{CA0D79C4-4256-446C-BD69-6C383166592B}"
EndProject
Project("{9A19103F-16F7-4668-BE54-9A1E7A4F7556}") = "AbfDB.Monitor", "AbfDB.Monitor\AbfDB.Monitor.csproj", "{8440F317-FC7A-442B-B1A4-19E53ED2ECA7}"
EndProject
Global
	GlobalSection(SolutionConfigurationPlatforms) = preSolution
		Debug|Any CPU = Debug|Any CPU
		Release|Any CPU = Release|Any CPU
	EndGlobalSection
	GlobalSection(ProjectConfigurationPlatforms) = postSolution
		{CA0D79C4-4256-446C-BD69-6C383166592B}.Debug|Any CPU.ActiveCfg = Debug|Any CPU
		{CA0D79C4-4256-446C-BD69-6C383166592B}.Debug|Any CPU.Build.0 = Debug|Any CPU
		{CA0D79C4-4256-446C-BD69-6C383166592B}.Release|Any CPU.ActiveCfg = Release|Any CPU
		{CA0D79C4-4256-446C-BD69-6C383166592B}.Release|Any CPU.Build.0 = Release|Any CPU
		{8440F317-FC7A-442B-B1A4-19E53ED2ECA7}.Debug|Any CPU.ActiveCfg = Debug|Any CPU
		{8440F317-FC7A-442B-B1A4-19E53ED2ECA7}.Debug|Any CPU.Build.0 = Debug|Any CPU
		{8440F317-FC7A-442B-B1A4-19E53ED2ECA7}.Release|Any CPU.ActiveCfg = Release|Any CPU
		{8440F317-FC7A-442B-B1A4-19E53ED2ECA7}.Release|Any CPU.Build.0 = Release|Any CPU
	EndGlobalSection
	GlobalSection(SolutionProperties) = preSolution
		HideSolutionNode = FALSE
	EndGlobalSection
	GlobalSection(ExtensibilityGlobals) = postSolution
		SolutionGuid = {682D4F92-AA69-42EF-A500-AE3DC301058E}
	EndGlobalSection
EndGlobal
